
Microsoft Visual Studio Solution File, Format Version 12.00
# Visual Studio Version 16
VisualStudioVersion = 16.0.31205.134
MinimumVisualStudioVersion = 10.0.40219.1
Project("{FAE04EC0-301F-11D3-BF4B-00C04F79EFBC}") = "gosuslugi1", "gosuslugi1\gosuslugi1.csproj", "{4FEB3BDF-7E1A-4F75-9A6E-B9A619AFCDA7}"
EndProject
Global
	GlobalSection(SolutionConfigurationPlatforms) = preSolution
		Debug|Any CPU = Debug|Any CPU
		Release|Any CPU = Release|Any CPU
	EndGlobalSection
	GlobalSection(ProjectConfigurationPlatforms) = postSolution
		{4FEB3BDF-7E1A-4F75-9A6E-B9A619AFCDA7}.Debug|Any CPU.ActiveCfg = Debug|Any CPU
		{4FEB3BDF-7E1A-4F75-9A6E-B9A619AFCDA7}.Debug|Any CPU.Build.0 = Debug|Any CPU
		{4FEB3BDF-7E1A-4F75-9A6E-B9A619AFCDA7}.Release|Any CPU.ActiveCfg = Release|Any CPU
		{4FEB3BDF-7E1A-4F75-9A6E-B9A619AFCDA7}.Release|Any CPU.Build.0 = Release|Any CPU
	EndGlobalSection
	GlobalSection(SolutionProperties) = preSolution
		HideSolutionNode = FALSE
	EndGlobalSection
	GlobalSection(ExtensibilityGlobals) = postSolution
		SolutionGuid = {7A2B5476-57B2-4F7F-822B-C252C6C201A2}
	EndGlobalSection
EndGlobal
